{
  "version": 4,
  "terraform_version": "1.6.4",
  "serial": 406,
  "lineage": "59165995-9944-b8f3-dc03-a7e343609b58",
  "outputs": {},
  "resources": [
    {
      "mode": "data",
      "type": "local_file",
      "name": "alice-public-key",
      "provider": "provider[\"registry.terraform.io/hashicorp/local\"]",
      "instances": [
        {
          "schema_version": 0,
          "attributes": {
            "content": "ssh-rsa AAAAB3NzaC1yc2EAAAADAQABAAABAQCxI+m5X6UbsuADhgd06gLyhufmBYZdFp/YguNZx3L+BslcBTZ3K4LU/aCfzcrE9GlRkMDfDA0d/imEo2SMuvKtJOYjLh3uQGpkfJ1Ug+jokMUqOpv/NaYCFHJ5gVErIHMZIDCYedbbOh1DtYudwA7c+4IDaOmbqGseDSaTPgknZBj248lRWsSpHKewbqMDlt+vpWBY+zVgIsXOa5iBmiS3zLWTfzLs/9EAEmgxgMoBXzQW7isYa3OsPxgV8Rh2216Xu9OFOvUSCiPw9LipUfvghcAt5BxuqqBc5cIQAjC4p2QvX3fdSr1GEEQezuBQyvatVMqeWrShM2kIX8ds/Mev ubuntu@OrangeBox24\n",
            "content_base64": "c3NoLXJzYSBBQUFBQjNOemFDMXljMkVBQUFBREFRQUJBQUFCQVFDeEkrbTVYNlVic3VBRGhnZDA2Z0x5aHVmbUJZWmRGcC9ZZ3VOWngzTCtCc2xjQlRaM0s0TFUvYUNmemNyRTlHbFJrTURmREEwZC9pbUVvMlNNdXZLdEpPWWpMaDN1UUdwa2ZKMVVnK2pva01VcU9wdi9OYVlDRkhKNWdWRXJJSE1aSURDWWVkYmJPaDFEdFl1ZHdBN2MrNElEYU9tYnFHc2VEU2FUUGdrblpCajI0OGxSV3NTcEhLZXdicU1EbHQrdnBXQlkrelZnSXNYT2E1aUJtaVMzekxXVGZ6THMvOUVBRW1neGdNb0JYelFXN2lzWWEzT3NQeGdWOFJoMjIxNlh1OU9GT3ZVU0NpUHc5TGlwVWZ2Z2hjQXQ1Qnh1cXFCYzVjSVFBakM0cDJRdlgzZmRTcjFHRUVRZXp1QlF5dmF0Vk1xZVdyU2hNMmtJWDhkcy9NZXYgdWJ1bnR1QE9yYW5nZUJveDI0Cg==",
            "content_base64sha256": "xXgAb0Dn8s3DDjHw//cqtqWNChJBzKkM61drb1xssJ0=",
            "content_base64sha512": "VceqLWJzZXv25+UIsgcR+LYzxlpgoXGVFoT35Bh+9wvAIUWTO1qAU/XOt7vhaPOSbLPKr7asZzIhA8lVXWfYyQ==",
            "content_md5": "dbc73bd254476ec964ed1ddc1af3dc18",
            "content_sha1": "7cae523e3736f7bdfaf43467f3750d2662365b7e",
            "content_sha256": "c578006f40e7f2cdc30e31f0fff72ab6a58d0a1241cca90ceb576b6f5c6cb09d",
            "content_sha512": "55c7aa2d6273657bf6e7e508b20711f8b633c65a60a171951684f7e4187ef70bc02145933b5a8053f5ceb7bbe168f3926cb3caafb6ac67322103c9555d67d8c9",
            "filename": "/home/ubuntu/.ssh/id_rsa.pub",
            "id": "7cae523e3736f7bdfaf43467f3750d2662365b7e"
          },
          "sensitive_attributes": []
        }
      ]
    },
    {
      "mode": "data",
      "type": "openstack_identity_role_v3",
      "name": "admin-role",
      "provider": "provider[\"registry.terraform.io/terraform-provider-openstack/openstack\"]",
      "instances": [
        {
          "schema_version": 0,
          "attributes": {
            "domain_id": "",
            "id": "a73104e4ec934eb18438309ddb800989",
            "name": "Admin",
            "region": "RegionOne"
          },
          "sensitive_attributes": []
        }
      ]
    },
    {
      "mode": "data",
      "type": "openstack_identity_role_v3",
      "name": "load-balancer-admin-role",
      "provider": "provider[\"registry.terraform.io/terraform-provider-openstack/openstack\"]",
      "instances": [
        {
          "schema_version": 0,
          "attributes": {
            "domain_id": "",
            "id": "5d60673d17bd4965a23f45ba5b24e4f3",
            "name": "load-balancer_admin",
            "region": "RegionOne"
          },
          "sensitive_attributes": []
        }
      ]
    },
    {
      "mode": "data",
      "type": "openstack_identity_role_v3",
      "name": "member-role",
      "provider": "provider[\"registry.terraform.io/terraform-provider-openstack/openstack\"]",
      "instances": [
        {
          "schema_version": 0,
          "attributes": {
            "domain_id": "",
            "id": "8d853a65735a40039de0e6da0af71071",
            "name": "member",
            "region": "RegionOne"
          },
          "sensitive_attributes": []
        }
      ]
    },
    {
      "mode": "data",
      "type": "openstack_identity_role_v3",
      "name": "reader-role",
      "provider": "provider[\"registry.terraform.io/terraform-provider-openstack/openstack\"]",
      "instances": [
        {
          "schema_version": 0,
          "attributes": {
            "domain_id": "",
            "id": "d1a738cf11a940a1ab2f8f16e0f7e9b4",
            "name": "reader",
            "region": "RegionOne"
          },
          "sensitive_attributes": []
        }
      ]
    },
    {
      "mode": "data",
      "type": "openstack_networking_network_v2",
      "name": "ext-net",
      "provider": "provider[\"registry.terraform.io/terraform-provider-openstack/openstack\"]",
      "instances": [
        {
          "schema_version": 0,
          "attributes": {
            "admin_state_up": "true",
            "all_tags": [],
            "availability_zone_hints": [],
            "description": "",
            "dns_domain": "",
            "external": true,
            "id": "fa9ad569-2368-48d0-8fd9-d823592f1c8b",
            "matching_subnet_cidr": null,
            "mtu": 1500,
            "name": "ext-net",
            "network_id": null,
            "region": "RegionOne",
            "shared": "false",
            "status": null,
            "subnets": [
              "5d1f9f3c-9f8e-4594-af6d-1322a2cf0dec"
            ],
            "tags": null,
            "tenant_id": "38e51784ee8747a6a664c92e49dd9d47",
            "transparent_vlan": false
          },
          "sensitive_attributes": []
        }
      ]
    },
    {
      "mode": "managed",
      "type": "openstack_compute_aggregate_v2",
      "name": "az-1",
      "provider": "provider[\"registry.terraform.io/terraform-provider-openstack/openstack\"]",
      "instances": [
        {
          "schema_version": 0,
          "attributes": {
            "hosts": [
              "node01.maas",
              "node02.maas"
            ],
            "id": "9",
            "metadata": {},
            "name": "az-1",
            "region": null,
            "timeouts": null,
            "zone": "az-1"
          },
          "sensitive_attributes": [],
          "private": "eyJlMmJmYjczMC1lY2FhLTExZTYtOGY4OC0zNDM2M2JjN2M0YzAiOnsiY3JlYXRlIjo2MDAwMDAwMDAwMDAsImRlbGV0ZSI6NjAwMDAwMDAwMDAwLCJ1cGRhdGUiOjYwMDAwMDAwMDAwMH19"
        }
      ]
    },
    {
      "mode": "managed",
      "type": "openstack_compute_aggregate_v2",
      "name": "az-2",
      "provider": "provider[\"registry.terraform.io/terraform-provider-openstack/openstack\"]",
      "instances": [
        {
          "schema_version": 0,
          "attributes": {
            "hosts": [
              "node03.maas",
              "node05.maas"
            ],
            "id": "10",
            "metadata": {},
            "name": "az-2",
            "region": null,
            "timeouts": null,
            "zone": "az-2"
          },
          "sensitive_attributes": [],
          "private": "eyJlMmJmYjczMC1lY2FhLTExZTYtOGY4OC0zNDM2M2JjN2M0YzAiOnsiY3JlYXRlIjo2MDAwMDAwMDAwMDAsImRlbGV0ZSI6NjAwMDAwMDAwMDAwLCJ1cGRhdGUiOjYwMDAwMDAwMDAwMH19"
        }
      ]
    },
    {
      "mode": "managed",
      "type": "openstack_compute_aggregate_v2",
      "name": "az-3",
      "provider": "provider[\"registry.terraform.io/terraform-provider-openstack/openstack\"]",
      "instances": [
        {
          "schema_version": 0,
          "attributes": {
            "hosts": [
              "node06.maas",
              "node07.maas"
            ],
            "id": "11",
            "metadata": {},
            "name": "az-3",
            "region": null,
            "timeouts": null,
            "zone": "az-3"
          },
          "sensitive_attributes": [],
          "private": "eyJlMmJmYjczMC1lY2FhLTExZTYtOGY4OC0zNDM2M2JjN2M0YzAiOnsiY3JlYXRlIjo2MDAwMDAwMDAwMDAsImRlbGV0ZSI6NjAwMDAwMDAwMDAwLCJ1cGRhdGUiOjYwMDAwMDAwMDAwMH19"
        }
      ]
    },
    {
      "mode": "managed",
      "type": "openstack_compute_keypair_v2",
      "name": "alice-keypair",
      "provider": "provider[\"registry.terraform.io/terraform-provider-openstack/openstack\"]",
      "instances": [
        {
          "schema_version": 0,
          "attributes": {
            "fingerprint": "22:fe:b1:9b:49:e1:d7:e1:fa:5a:c3:65:67:54:cf:47",
            "id": "alice-keypair",
            "name": "alice-keypair",
            "private_key": "",
            "public_key": "ssh-rsa AAAAB3NzaC1yc2EAAAADAQABAAABAQCxI+m5X6UbsuADhgd06gLyhufmBYZdFp/YguNZx3L+BslcBTZ3K4LU/aCfzcrE9GlRkMDfDA0d/imEo2SMuvKtJOYjLh3uQGpkfJ1Ug+jokMUqOpv/NaYCFHJ5gVErIHMZIDCYedbbOh1DtYudwA7c+4IDaOmbqGseDSaTPgknZBj248lRWsSpHKewbqMDlt+vpWBY+zVgIsXOa5iBmiS3zLWTfzLs/9EAEmgxgMoBXzQW7isYa3OsPxgV8Rh2216Xu9OFOvUSCiPw9LipUfvghcAt5BxuqqBc5cIQAjC4p2QvX3fdSr1GEEQezuBQyvatVMqeWrShM2kIX8ds/Mev ubuntu@OrangeBox24\n",
            "region": "RegionOne",
            "user_id": "6f3a5c4391b942f881ec25aec8960db1",
            "value_specs": null
          },
          "sensitive_attributes": [],
          "private": "bnVsbA==",
          "dependencies": [
            "data.local_file.alice-public-key",
            "openstack_identity_project_v3.engineering-domain",
            "openstack_identity_project_v3.production-project",
            "openstack_identity_user_v3.alice"
          ]
        }
      ]
    },
    {
      "mode": "managed",
      "type": "openstack_identity_group_v3",
      "name": "admins-group",
      "provider": "provider[\"registry.terraform.io/terraform-provider-openstack/openstack\"]",
      "instances": [
        {
          "schema_version": 0,
          "attributes": {
            "description": "Admins group",
            "domain_id": "016b3044da6644ec853c7cca4d69a3e9",
            "id": "19fec8d65c9d47c5a4a61278ef3ba67b",
            "name": "Admins",
            "region": "RegionOne"
          },
          "sensitive_attributes": [],
          "private": "bnVsbA==",
          "dependencies": [
            "openstack_identity_project_v3.engineering-domain"
          ]
        }
      ]
    },
    {
      "mode": "managed",
      "type": "openstack_identity_group_v3",
      "name": "developers-group",
      "provider": "provider[\"registry.terraform.io/terraform-provider-openstack/openstack\"]",
      "instances": [
        {
          "schema_version": 0,
          "attributes": {
            "description": "Developers group",
            "domain_id": "016b3044da6644ec853c7cca4d69a3e9",
            "id": "d045b497d1a84652b07ed065477f006d",
            "name": "Developers",
            "region": "RegionOne"
          },
          "sensitive_attributes": [],
          "private": "bnVsbA==",
          "dependencies": [
            "openstack_identity_project_v3.engineering-domain"
          ]
        }
      ]
    },
    {
      "mode": "managed",
      "type": "openstack_identity_group_v3",
      "name": "devops-group",
      "provider": "provider[\"registry.terraform.io/terraform-provider-openstack/openstack\"]",
      "instances": [
        {
          "schema_version": 0,
          "attributes": {
            "description": "DevOps group",
            "domain_id": "016b3044da6644ec853c7cca4d69a3e9",
            "id": "64a6569c271d43038a662e696be00ecf",
            "name": "DevOps",
            "region": "RegionOne"
          },
          "sensitive_attributes": [],
          "private": "bnVsbA==",
          "dependencies": [
            "openstack_identity_project_v3.engineering-domain"
          ]
        }
      ]
    },
    {
      "mode": "managed",
      "type": "openstack_identity_group_v3",
      "name": "domain-admins-group",
      "provider": "provider[\"registry.terraform.io/terraform-provider-openstack/openstack\"]",
      "instances": [
        {
          "schema_version": 0,
          "attributes": {
            "description": "Domain Admins group",
            "domain_id": "016b3044da6644ec853c7cca4d69a3e9",
            "id": "dabc33b8a613469dbb6ff73eabb18885",
            "name": "Domain Admins",
            "region": "RegionOne"
          },
          "sensitive_attributes": [],
          "private": "bnVsbA==",
          "dependencies": [
            "openstack_identity_project_v3.engineering-domain"
          ]
        }
      ]
    },
    {
      "mode": "managed",
      "type": "openstack_identity_project_v3",
      "name": "administration-domain",
      "provider": "provider[\"registry.terraform.io/terraform-provider-openstack/openstack\"]",
      "instances": [
        {
          "schema_version": 0,
          "attributes": {
            "description": "Administration domain",
            "domain_id": "",
            "enabled": true,
            "id": "2481af9c1dbe45b9a3a3d604a3094b97",
            "is_domain": true,
            "name": "Administration",
            "parent_id": "",
            "region": "RegionOne",
            "tags": []
          },
          "sensitive_attributes": [],
          "private": "bnVsbA=="
        }
      ]
    },
    {
      "mode": "managed",
      "type": "openstack_identity_project_v3",
      "name": "development-project",
      "provider": "provider[\"registry.terraform.io/terraform-provider-openstack/openstack\"]",
      "instances": [
        {
          "schema_version": 0,
          "attributes": {
            "description": "Accessible by members of Developers group",
            "domain_id": "016b3044da6644ec853c7cca4d69a3e9",
            "enabled": true,
            "id": "e900f7275b9649fab60b8c28fbbccf1e",
            "is_domain": false,
            "name": "Development",
            "parent_id": "016b3044da6644ec853c7cca4d69a3e9",
            "region": "RegionOne",
            "tags": []
          },
          "sensitive_attributes": [],
          "private": "bnVsbA==",
          "dependencies": [
            "openstack_identity_project_v3.engineering-domain"
          ]
        }
      ]
    },
    {
      "mode": "managed",
      "type": "openstack_identity_project_v3",
      "name": "engineering-domain",
      "provider": "provider[\"registry.terraform.io/terraform-provider-openstack/openstack\"]",
      "instances": [
        {
          "schema_version": 0,
          "attributes": {
            "description": "Engineering domain",
            "domain_id": "",
            "enabled": true,
            "id": "016b3044da6644ec853c7cca4d69a3e9",
            "is_domain": true,
            "name": "Engineering",
            "parent_id": "",
            "region": "RegionOne",
            "tags": []
          },
          "sensitive_attributes": [],
          "private": "bnVsbA=="
        }
      ]
    },
    {
      "mode": "managed",
      "type": "openstack_identity_project_v3",
      "name": "production-project",
      "provider": "provider[\"registry.terraform.io/terraform-provider-openstack/openstack\"]",
      "instances": [
        {
          "schema_version": 0,
          "attributes": {
            "description": "Accessible by members of DevOps group",
            "domain_id": "016b3044da6644ec853c7cca4d69a3e9",
            "enabled": true,
            "id": "860bf737d3fd41aaa5a610314922288a",
            "is_domain": false,
            "name": "Production",
            "parent_id": "016b3044da6644ec853c7cca4d69a3e9",
            "region": "RegionOne",
            "tags": []
          },
          "sensitive_attributes": [],
          "private": "bnVsbA==",
          "dependencies": [
            "openstack_identity_project_v3.engineering-domain"
          ]
        }
      ]
    },
    {
      "mode": "managed",
      "type": "openstack_identity_project_v3",
      "name": "staging-project",
      "provider": "provider[\"registry.terraform.io/terraform-provider-openstack/openstack\"]",
      "instances": [
        {
          "schema_version": 0,
          "attributes": {
            "description": "Accessible by members of DevOps and Developers groups",
            "domain_id": "016b3044da6644ec853c7cca4d69a3e9",
            "enabled": true,
            "id": "e01f03b562ef4cb2bd0fcbd9ddb861d5",
            "is_domain": false,
            "name": "Staging",
            "parent_id": "016b3044da6644ec853c7cca4d69a3e9",
            "region": "RegionOne",
            "tags": []
          },
          "sensitive_attributes": [],
          "private": "bnVsbA==",
          "dependencies": [
            "openstack_identity_project_v3.engineering-domain"
          ]
        }
      ]
    },
    {
      "mode": "managed",
      "type": "openstack_identity_project_v3",
      "name": "support-domain",
      "provider": "provider[\"registry.terraform.io/terraform-provider-openstack/openstack\"]",
      "instances": [
        {
          "schema_version": 0,
          "attributes": {
            "description": "Support domain",
            "domain_id": "",
            "enabled": true,
            "id": "976cd72ab23844fca9135c5a3da2e0c7",
            "is_domain": true,
            "name": "Support",
            "parent_id": "",
            "region": "RegionOne",
            "tags": []
          },
          "sensitive_attributes": [],
          "private": "bnVsbA=="
        }
      ]
    },
    {
      "mode": "managed",
      "type": "openstack_identity_role_assignment_v3",
      "name": "development-admins-admin",
      "provider": "provider[\"registry.terraform.io/terraform-provider-openstack/openstack\"]",
      "instances": [
        {
          "schema_version": 0,
          "attributes": {
            "domain_id": "",
            "group_id": "19fec8d65c9d47c5a4a61278ef3ba67b",
            "id": "/e900f7275b9649fab60b8c28fbbccf1e/19fec8d65c9d47c5a4a61278ef3ba67b//a73104e4ec934eb18438309ddb800989",
            "project_id": "e900f7275b9649fab60b8c28fbbccf1e",
            "region": "RegionOne",
            "role_id": "a73104e4ec934eb18438309ddb800989",
            "user_id": ""
          },
          "sensitive_attributes": [],
          "private": "bnVsbA==",
          "dependencies": [
            "data.openstack_identity_role_v3.admin-role",
            "openstack_identity_group_v3.admins-group",
            "openstack_identity_project_v3.development-project",
            "openstack_identity_project_v3.engineering-domain"
          ]
        }
      ]
    },
    {
      "mode": "managed",
      "type": "openstack_identity_role_assignment_v3",
      "name": "development-developers-member",
      "provider": "provider[\"registry.terraform.io/terraform-provider-openstack/openstack\"]",
      "instances": [
        {
          "schema_version": 0,
          "attributes": {
            "domain_id": "",
            "group_id": "d045b497d1a84652b07ed065477f006d",
            "id": "/e900f7275b9649fab60b8c28fbbccf1e/d045b497d1a84652b07ed065477f006d//8d853a65735a40039de0e6da0af71071",
            "project_id": "e900f7275b9649fab60b8c28fbbccf1e",
            "region": "RegionOne",
            "role_id": "8d853a65735a40039de0e6da0af71071",
            "user_id": ""
          },
          "sensitive_attributes": [],
          "private": "bnVsbA==",
          "dependencies": [
            "data.openstack_identity_role_v3.member-role",
            "openstack_identity_group_v3.developers-group",
            "openstack_identity_project_v3.development-project",
            "openstack_identity_project_v3.engineering-domain"
          ]
        }
      ]
    },
    {
      "mode": "managed",
      "type": "openstack_identity_role_assignment_v3",
      "name": "development-devops-reader",
      "provider": "provider[\"registry.terraform.io/terraform-provider-openstack/openstack\"]",
      "instances": [
        {
          "schema_version": 0,
          "attributes": {
            "domain_id": "",
            "group_id": "64a6569c271d43038a662e696be00ecf",
            "id": "/e900f7275b9649fab60b8c28fbbccf1e/64a6569c271d43038a662e696be00ecf//d1a738cf11a940a1ab2f8f16e0f7e9b4",
            "project_id": "e900f7275b9649fab60b8c28fbbccf1e",
            "region": "RegionOne",
            "role_id": "d1a738cf11a940a1ab2f8f16e0f7e9b4",
            "user_id": ""
          },
          "sensitive_attributes": [],
          "private": "bnVsbA==",
          "dependencies": [
            "data.openstack_identity_role_v3.reader-role",
            "openstack_identity_group_v3.devops-group",
            "openstack_identity_project_v3.development-project",
            "openstack_identity_project_v3.engineering-domain"
          ]
        }
      ]
    },
    {
      "mode": "managed",
      "type": "openstack_identity_role_assignment_v3",
      "name": "engineering-domain-admins-admin",
      "provider": "provider[\"registry.terraform.io/terraform-provider-openstack/openstack\"]",
      "instances": [
        {
          "schema_version": 0,
          "attributes": {
            "domain_id": "016b3044da6644ec853c7cca4d69a3e9",
            "group_id": "dabc33b8a613469dbb6ff73eabb18885",
            "id": "016b3044da6644ec853c7cca4d69a3e9//dabc33b8a613469dbb6ff73eabb18885//a73104e4ec934eb18438309ddb800989",
            "project_id": "",
            "region": "RegionOne",
            "role_id": "a73104e4ec934eb18438309ddb800989",
            "user_id": ""
          },
          "sensitive_attributes": [],
          "private": "bnVsbA==",
          "dependencies": [
            "data.openstack_identity_role_v3.admin-role",
            "openstack_identity_group_v3.domain-admins-group",
            "openstack_identity_project_v3.engineering-domain"
          ]
        }
      ]
    },
    {
      "mode": "managed",
      "type": "openstack_identity_role_assignment_v3",
      "name": "production-admins-admin",
      "provider": "provider[\"registry.terraform.io/terraform-provider-openstack/openstack\"]",
      "instances": [
        {
          "schema_version": 0,
          "attributes": {
            "domain_id": "",
            "group_id": "19fec8d65c9d47c5a4a61278ef3ba67b",
            "id": "/860bf737d3fd41aaa5a610314922288a/19fec8d65c9d47c5a4a61278ef3ba67b//a73104e4ec934eb18438309ddb800989",
            "project_id": "860bf737d3fd41aaa5a610314922288a",
            "region": "RegionOne",
            "role_id": "a73104e4ec934eb18438309ddb800989",
            "user_id": ""
          },
          "sensitive_attributes": [],
          "private": "bnVsbA==",
          "dependencies": [
            "data.openstack_identity_role_v3.admin-role",
            "openstack_identity_group_v3.admins-group",
            "openstack_identity_project_v3.engineering-domain",
            "openstack_identity_project_v3.production-project"
          ]
        }
      ]
    },
    {
      "mode": "managed",
      "type": "openstack_identity_role_assignment_v3",
      "name": "production-admins-load-balancer-admin",
      "provider": "provider[\"registry.terraform.io/terraform-provider-openstack/openstack\"]",
      "instances": [
        {
          "schema_version": 0,
          "attributes": {
            "domain_id": "",
            "group_id": "19fec8d65c9d47c5a4a61278ef3ba67b",
            "id": "/860bf737d3fd41aaa5a610314922288a/19fec8d65c9d47c5a4a61278ef3ba67b//5d60673d17bd4965a23f45ba5b24e4f3",
            "project_id": "860bf737d3fd41aaa5a610314922288a",
            "region": "RegionOne",
            "role_id": "5d60673d17bd4965a23f45ba5b24e4f3",
            "user_id": ""
          },
          "sensitive_attributes": [],
          "private": "bnVsbA==",
          "dependencies": [
            "data.openstack_identity_role_v3.load-balancer-admin-role",
            "openstack_identity_group_v3.admins-group",
            "openstack_identity_project_v3.engineering-domain",
            "openstack_identity_project_v3.production-project"
          ]
        }
      ]
    },
    {
      "mode": "managed",
      "type": "openstack_identity_role_assignment_v3",
      "name": "production-devops-member",
      "provider": "provider[\"registry.terraform.io/terraform-provider-openstack/openstack\"]",
      "instances": [
        {
          "schema_version": 0,
          "attributes": {
            "domain_id": "",
            "group_id": "64a6569c271d43038a662e696be00ecf",
            "id": "/860bf737d3fd41aaa5a610314922288a/64a6569c271d43038a662e696be00ecf//8d853a65735a40039de0e6da0af71071",
            "project_id": "860bf737d3fd41aaa5a610314922288a",
            "region": "RegionOne",
            "role_id": "8d853a65735a40039de0e6da0af71071",
            "user_id": ""
          },
          "sensitive_attributes": [],
          "private": "bnVsbA==",
          "dependencies": [
            "data.openstack_identity_role_v3.member-role",
            "openstack_identity_group_v3.devops-group",
            "openstack_identity_project_v3.engineering-domain",
            "openstack_identity_project_v3.production-project"
          ]
        }
      ]
    },
    {
      "mode": "managed",
      "type": "openstack_identity_role_assignment_v3",
      "name": "staging-admins-admin",
      "provider": "provider[\"registry.terraform.io/terraform-provider-openstack/openstack\"]",
      "instances": [
        {
          "schema_version": 0,
          "attributes": {
            "domain_id": "",
            "group_id": "19fec8d65c9d47c5a4a61278ef3ba67b",
            "id": "/e01f03b562ef4cb2bd0fcbd9ddb861d5/19fec8d65c9d47c5a4a61278ef3ba67b//a73104e4ec934eb18438309ddb800989",
            "project_id": "e01f03b562ef4cb2bd0fcbd9ddb861d5",
            "region": "RegionOne",
            "role_id": "a73104e4ec934eb18438309ddb800989",
            "user_id": ""
          },
          "sensitive_attributes": [],
          "private": "bnVsbA==",
          "dependencies": [
            "data.openstack_identity_role_v3.admin-role",
            "openstack_identity_group_v3.admins-group",
            "openstack_identity_project_v3.engineering-domain",
            "openstack_identity_project_v3.staging-project"
          ]
        }
      ]
    },
    {
      "mode": "managed",
      "type": "openstack_identity_role_assignment_v3",
      "name": "staging-developers-reader",
      "provider": "provider[\"registry.terraform.io/terraform-provider-openstack/openstack\"]",
      "instances": [
        {
          "schema_version": 0,
          "attributes": {
            "domain_id": "",
            "group_id": "d045b497d1a84652b07ed065477f006d",
            "id": "/e01f03b562ef4cb2bd0fcbd9ddb861d5/d045b497d1a84652b07ed065477f006d//d1a738cf11a940a1ab2f8f16e0f7e9b4",
            "project_id": "e01f03b562ef4cb2bd0fcbd9ddb861d5",
            "region": "RegionOne",
            "role_id": "d1a738cf11a940a1ab2f8f16e0f7e9b4",
            "user_id": ""
          },
          "sensitive_attributes": [],
          "private": "bnVsbA==",
          "dependencies": [
            "data.openstack_identity_role_v3.reader-role",
            "openstack_identity_group_v3.developers-group",
            "openstack_identity_project_v3.engineering-domain",
            "openstack_identity_project_v3.staging-project"
          ]
        }
      ]
    },
    {
      "mode": "managed",
      "type": "openstack_identity_role_assignment_v3",
      "name": "staging-devops-member",
      "provider": "provider[\"registry.terraform.io/terraform-provider-openstack/openstack\"]",
      "instances": [
        {
          "schema_version": 0,
          "attributes": {
            "domain_id": "",
            "group_id": "64a6569c271d43038a662e696be00ecf",
            "id": "/e01f03b562ef4cb2bd0fcbd9ddb861d5/64a6569c271d43038a662e696be00ecf//8d853a65735a40039de0e6da0af71071",
            "project_id": "e01f03b562ef4cb2bd0fcbd9ddb861d5",
            "region": "RegionOne",
            "role_id": "8d853a65735a40039de0e6da0af71071",
            "user_id": ""
          },
          "sensitive_attributes": [],
          "private": "bnVsbA==",
          "dependencies": [
            "data.openstack_identity_role_v3.member-role",
            "openstack_identity_group_v3.devops-group",
            "openstack_identity_project_v3.engineering-domain",
            "openstack_identity_project_v3.staging-project"
          ]
        }
      ]
    },
    {
      "mode": "managed",
      "type": "openstack_identity_user_membership_v3",
      "name": "alice-admins",
      "provider": "provider[\"registry.terraform.io/terraform-provider-openstack/openstack\"]",
      "instances": [
        {
          "schema_version": 0,
          "attributes": {
            "group_id": "19fec8d65c9d47c5a4a61278ef3ba67b",
            "id": "6f3a5c4391b942f881ec25aec8960db1/19fec8d65c9d47c5a4a61278ef3ba67b",
            "region": "RegionOne",
            "user_id": "6f3a5c4391b942f881ec25aec8960db1"
          },
          "sensitive_attributes": [],
          "private": "bnVsbA==",
          "dependencies": [
            "openstack_identity_group_v3.admins-group",
            "openstack_identity_project_v3.engineering-domain",
            "openstack_identity_project_v3.production-project",
            "openstack_identity_user_v3.alice"
          ]
        }
      ]
    },
    {
      "mode": "managed",
      "type": "openstack_identity_user_membership_v3",
      "name": "alice-domain-admins",
      "provider": "provider[\"registry.terraform.io/terraform-provider-openstack/openstack\"]",
      "instances": [
        {
          "schema_version": 0,
          "attributes": {
            "group_id": "dabc33b8a613469dbb6ff73eabb18885",
            "id": "6f3a5c4391b942f881ec25aec8960db1/dabc33b8a613469dbb6ff73eabb18885",
            "region": "RegionOne",
            "user_id": "6f3a5c4391b942f881ec25aec8960db1"
          },
          "sensitive_attributes": [],
          "private": "bnVsbA==",
          "dependencies": [
            "openstack_identity_group_v3.domain-admins-group",
            "openstack_identity_project_v3.engineering-domain",
            "openstack_identity_project_v3.production-project",
            "openstack_identity_user_v3.alice"
          ]
        }
      ]
    },
    {
      "mode": "managed",
      "type": "openstack_identity_user_membership_v3",
      "name": "bob-devops",
      "provider": "provider[\"registry.terraform.io/terraform-provider-openstack/openstack\"]",
      "instances": [
        {
          "schema_version": 0,
          "attributes": {
            "group_id": "64a6569c271d43038a662e696be00ecf",
            "id": "78b6d64d551d45dba107c2adfa71f6c3/64a6569c271d43038a662e696be00ecf",
            "region": "RegionOne",
            "user_id": "78b6d64d551d45dba107c2adfa71f6c3"
          },
          "sensitive_attributes": [],
          "private": "bnVsbA==",
          "dependencies": [
            "openstack_identity_group_v3.devops-group",
            "openstack_identity_project_v3.engineering-domain",
            "openstack_identity_project_v3.staging-project",
            "openstack_identity_user_v3.bob"
          ]
        }
      ]
    },
    {
      "mode": "managed",
      "type": "openstack_identity_user_membership_v3",
      "name": "cindy-devops",
      "provider": "provider[\"registry.terraform.io/terraform-provider-openstack/openstack\"]",
      "instances": [
        {
          "schema_version": 0,
          "attributes": {
            "group_id": "64a6569c271d43038a662e696be00ecf",
            "id": "9373c71af1dd4194bc4f77b569daec90/64a6569c271d43038a662e696be00ecf",
            "region": "RegionOne",
            "user_id": "9373c71af1dd4194bc4f77b569daec90"
          },
          "sensitive_attributes": [],
          "private": "bnVsbA==",
          "dependencies": [
            "openstack_identity_group_v3.devops-group",
            "openstack_identity_project_v3.engineering-domain",
            "openstack_identity_project_v3.staging-project",
            "openstack_identity_user_v3.cindy"
          ]
        }
      ]
    },
    {
      "mode": "managed",
      "type": "openstack_identity_user_membership_v3",
      "name": "dave-developers",
      "provider": "provider[\"registry.terraform.io/terraform-provider-openstack/openstack\"]",
      "instances": [
        {
          "schema_version": 0,
          "attributes": {
            "group_id": "d045b497d1a84652b07ed065477f006d",
            "id": "dd5c1930f7a44f8f895e243a87a85bb9/d045b497d1a84652b07ed065477f006d",
            "region": "RegionOne",
            "user_id": "dd5c1930f7a44f8f895e243a87a85bb9"
          },
          "sensitive_attributes": [],
          "private": "bnVsbA==",
          "dependencies": [
            "openstack_identity_group_v3.developers-group",
            "openstack_identity_project_v3.development-project",
            "openstack_identity_project_v3.engineering-domain",
            "openstack_identity_user_v3.dave"
          ]
        }
      ]
    },
    {
      "mode": "managed",
      "type": "openstack_identity_user_membership_v3",
      "name": "ed-developers",
      "provider": "provider[\"registry.terraform.io/terraform-provider-openstack/openstack\"]",
      "instances": [
        {
          "schema_version": 0,
          "attributes": {
            "group_id": "d045b497d1a84652b07ed065477f006d",
            "id": "662dcc6d15ed4a3eb0e1c632578f2517/d045b497d1a84652b07ed065477f006d",
            "region": "RegionOne",
            "user_id": "662dcc6d15ed4a3eb0e1c632578f2517"
          },
          "sensitive_attributes": [],
          "private": "bnVsbA==",
          "dependencies": [
            "openstack_identity_group_v3.developers-group",
            "openstack_identity_project_v3.development-project",
            "openstack_identity_project_v3.engineering-domain",
            "openstack_identity_user_v3.ed"
          ]
        }
      ]
    },
    {
      "mode": "managed",
      "type": "openstack_identity_user_v3",
      "name": "alice",
      "provider": "provider[\"registry.terraform.io/terraform-provider-openstack/openstack\"]",
      "instances": [
        {
          "schema_version": 0,
          "attributes": {
            "default_project_id": "860bf737d3fd41aaa5a610314922288a",
            "description": "",
            "domain_id": "016b3044da6644ec853c7cca4d69a3e9",
            "enabled": true,
            "extra": {},
            "id": "6f3a5c4391b942f881ec25aec8960db1",
            "ignore_change_password_upon_first_use": true,
            "ignore_lockout_failure_attempts": null,
            "ignore_password_expiry": null,
            "multi_factor_auth_enabled": false,
            "multi_factor_auth_rule": [],
            "name": "Alice",
            "password": "Alice",
            "region": "RegionOne"
          },
          "sensitive_attributes": [],
          "private": "bnVsbA==",
          "dependencies": [
            "openstack_identity_project_v3.engineering-domain",
            "openstack_identity_project_v3.production-project"
          ]
        }
      ]
    },
    {
      "mode": "managed",
      "type": "openstack_identity_user_v3",
      "name": "bob",
      "provider": "provider[\"registry.terraform.io/terraform-provider-openstack/openstack\"]",
      "instances": [
        {
          "schema_version": 0,
          "attributes": {
            "default_project_id": "e01f03b562ef4cb2bd0fcbd9ddb861d5",
            "description": "",
            "domain_id": "016b3044da6644ec853c7cca4d69a3e9",
            "enabled": true,
            "extra": {},
            "id": "78b6d64d551d45dba107c2adfa71f6c3",
            "ignore_change_password_upon_first_use": true,
            "ignore_lockout_failure_attempts": null,
            "ignore_password_expiry": null,
            "multi_factor_auth_enabled": false,
            "multi_factor_auth_rule": [],
            "name": "Bob",
            "password": "Bob",
            "region": "RegionOne"
          },
          "sensitive_attributes": [],
          "private": "bnVsbA==",
          "dependencies": [
            "openstack_identity_project_v3.engineering-domain",
            "openstack_identity_project_v3.staging-project"
          ]
        }
      ]
    },
    {
      "mode": "managed",
      "type": "openstack_identity_user_v3",
      "name": "cindy",
      "provider": "provider[\"registry.terraform.io/terraform-provider-openstack/openstack\"]",
      "instances": [
        {
          "schema_version": 0,
          "attributes": {
            "default_project_id": "e01f03b562ef4cb2bd0fcbd9ddb861d5",
            "description": "",
            "domain_id": "016b3044da6644ec853c7cca4d69a3e9",
            "enabled": true,
            "extra": {},
            "id": "9373c71af1dd4194bc4f77b569daec90",
            "ignore_change_password_upon_first_use": true,
            "ignore_lockout_failure_attempts": null,
            "ignore_password_expiry": null,
            "multi_factor_auth_enabled": false,
            "multi_factor_auth_rule": [],
            "name": "Cindy",
            "password": "Cindy",
            "region": "RegionOne"
          },
          "sensitive_attributes": [],
          "private": "bnVsbA==",
          "dependencies": [
            "openstack_identity_project_v3.engineering-domain",
            "openstack_identity_project_v3.staging-project"
          ]
        }
      ]
    },
    {
      "mode": "managed",
      "type": "openstack_identity_user_v3",
      "name": "dave",
      "provider": "provider[\"registry.terraform.io/terraform-provider-openstack/openstack\"]",
      "instances": [
        {
          "schema_version": 0,
          "attributes": {
            "default_project_id": "e900f7275b9649fab60b8c28fbbccf1e",
            "description": "",
            "domain_id": "016b3044da6644ec853c7cca4d69a3e9",
            "enabled": true,
            "extra": {},
            "id": "dd5c1930f7a44f8f895e243a87a85bb9",
            "ignore_change_password_upon_first_use": true,
            "ignore_lockout_failure_attempts": null,
            "ignore_password_expiry": null,
            "multi_factor_auth_enabled": false,
            "multi_factor_auth_rule": [],
            "name": "Dave",
            "password": "Dave",
            "region": "RegionOne"
          },
          "sensitive_attributes": [],
          "private": "bnVsbA==",
          "dependencies": [
            "openstack_identity_project_v3.development-project",
            "openstack_identity_project_v3.engineering-domain"
          ]
        }
      ]
    },
    {
      "mode": "managed",
      "type": "openstack_identity_user_v3",
      "name": "ed",
      "provider": "provider[\"registry.terraform.io/terraform-provider-openstack/openstack\"]",
      "instances": [
        {
          "schema_version": 0,
          "attributes": {
            "default_project_id": "e900f7275b9649fab60b8c28fbbccf1e",
            "description": "",
            "domain_id": "016b3044da6644ec853c7cca4d69a3e9",
            "enabled": true,
            "extra": {},
            "id": "662dcc6d15ed4a3eb0e1c632578f2517",
            "ignore_change_password_upon_first_use": true,
            "ignore_lockout_failure_attempts": null,
            "ignore_password_expiry": null,
            "multi_factor_auth_enabled": false,
            "multi_factor_auth_rule": [],
            "name": "Ed",
            "password": "Ed",
            "region": "RegionOne"
          },
          "sensitive_attributes": [],
          "private": "bnVsbA==",
          "dependencies": [
            "openstack_identity_project_v3.development-project",
            "openstack_identity_project_v3.engineering-domain"
          ]
        }
      ]
    },
    {
      "mode": "managed",
      "type": "openstack_networking_network_v2",
      "name": "backend-network",
      "provider": "provider[\"registry.terraform.io/terraform-provider-openstack/openstack\"]",
      "instances": [
        {
          "schema_version": 0,
          "attributes": {
            "admin_state_up": true,
            "all_tags": [],
            "availability_zone_hints": [],
            "description": "",
            "dns_domain": "",
            "external": false,
            "id": "858268a5-099f-4daa-9e5c-ca90d36f22a5",
            "mtu": 1442,
            "name": "Backend",
            "port_security_enabled": true,
            "qos_policy_id": "",
            "region": "RegionOne",
            "segments": [],
            "shared": false,
            "tags": [],
            "tenant_id": "860bf737d3fd41aaa5a610314922288a",
            "timeouts": null,
            "transparent_vlan": false,
            "value_specs": null
          },
          "sensitive_attributes": [],
          "private": "eyJlMmJmYjczMC1lY2FhLTExZTYtOGY4OC0zNDM2M2JjN2M0YzAiOnsiY3JlYXRlIjo2MDAwMDAwMDAwMDAsImRlbGV0ZSI6NjAwMDAwMDAwMDAwfX0=",
          "dependencies": [
            "openstack_identity_project_v3.engineering-domain",
            "openstack_identity_project_v3.production-project"
          ]
        }
      ]
    },
    {
      "mode": "managed",
      "type": "openstack_networking_network_v2",
      "name": "frontend-network",
      "provider": "provider[\"registry.terraform.io/terraform-provider-openstack/openstack\"]",
      "instances": [
        {
          "schema_version": 0,
          "attributes": {
            "admin_state_up": true,
            "all_tags": [],
            "availability_zone_hints": [],
            "description": "",
            "dns_domain": "",
            "external": false,
            "id": "d73ff021-fa59-4b71-945a-a7e0197f993b",
            "mtu": 1442,
            "name": "Frontend",
            "port_security_enabled": true,
            "qos_policy_id": "",
            "region": "RegionOne",
            "segments": [],
            "shared": false,
            "tags": [],
            "tenant_id": "860bf737d3fd41aaa5a610314922288a",
            "timeouts": null,
            "transparent_vlan": false,
            "value_specs": null
          },
          "sensitive_attributes": [],
          "private": "eyJlMmJmYjczMC1lY2FhLTExZTYtOGY4OC0zNDM2M2JjN2M0YzAiOnsiY3JlYXRlIjo2MDAwMDAwMDAwMDAsImRlbGV0ZSI6NjAwMDAwMDAwMDAwfX0=",
          "dependencies": [
            "openstack_identity_project_v3.engineering-domain",
            "openstack_identity_project_v3.production-project"
          ]
        }
      ]
    },
    {
      "mode": "managed",
      "type": "openstack_networking_port_v2",
      "name": "frontend-port",
      "provider": "provider[\"registry.terraform.io/terraform-provider-openstack/openstack\"]",
      "instances": [
        {
          "schema_version": 0,
          "attributes": {
            "admin_state_up": true,
            "all_fixed_ips": [
              "192.168.10.2"
            ],
            "all_security_group_ids": [
              "7401f69f-e6cc-44bb-85ae-94fe15990e02"
            ],
            "all_tags": [],
            "allowed_address_pairs": [],
            "binding": [
              {
                "host_id": "",
                "profile": "{}",
                "vif_details": {},
                "vif_type": "unbound",
                "vnic_type": "normal"
              }
            ],
            "description": "",
            "device_id": "818a612c-d350-4e66-baad-fdaee6e53700",
            "device_owner": "network:router_interface",
            "dns_assignment": [
              {
                "fqdn": "host-192-168-10-2.openstacklocal.",
                "hostname": "host-192-168-10-2",
                "ip_address": "192.168.10.2"
              }
            ],
            "dns_name": "",
            "extra_dhcp_option": [],
            "fixed_ip": [
              {
                "ip_address": "192.168.10.2",
                "subnet_id": "37aab342-9b15-4a20-aae5-9786ebf201c4"
              }
            ],
            "id": "8d46b504-35d6-4243-b0c3-beb2d935705c",
            "mac_address": "fa:16:3e:83:54:8d",
            "name": "frontend-port",
            "network_id": "d73ff021-fa59-4b71-945a-a7e0197f993b",
            "no_fixed_ip": null,
            "no_security_groups": null,
            "port_security_enabled": true,
            "qos_policy_id": "",
            "region": "RegionOne",
            "security_group_ids": null,
            "tags": [],
            "tenant_id": "38e51784ee8747a6a664c92e49dd9d47",
            "timeouts": null,
            "value_specs": null
          },
          "sensitive_attributes": [],
          "private": "eyJlMmJmYjczMC1lY2FhLTExZTYtOGY4OC0zNDM2M2JjN2M0YzAiOnsiY3JlYXRlIjo2MDAwMDAwMDAwMDAsImRlbGV0ZSI6NjAwMDAwMDAwMDAwfX0=",
          "dependencies": [
            "openstack_identity_project_v3.engineering-domain",
            "openstack_identity_project_v3.production-project",
            "openstack_networking_network_v2.frontend-network",
            "openstack_networking_subnet_v2.frontend-subnet"
          ]
        }
      ]
    },
    {
      "mode": "managed",
      "type": "openstack_networking_router_interface_v2",
      "name": "ext-net-router-frontend-interface",
      "provider": "provider[\"registry.terraform.io/terraform-provider-openstack/openstack\"]",
      "instances": [
        {
          "schema_version": 0,
          "attributes": {
            "id": "e888a3c7-78e8-4eef-b1f6-8b09bedce556",
            "port_id": "e888a3c7-78e8-4eef-b1f6-8b09bedce556",
            "region": "RegionOne",
            "router_id": "fd97c1be-0bde-47f1-be88-ca2a905c3b98",
            "subnet_id": "37aab342-9b15-4a20-aae5-9786ebf201c4",
            "timeouts": null
          },
          "sensitive_attributes": [],
          "private": "eyJlMmJmYjczMC1lY2FhLTExZTYtOGY4OC0zNDM2M2JjN2M0YzAiOnsiY3JlYXRlIjo2MDAwMDAwMDAwMDAsImRlbGV0ZSI6NjAwMDAwMDAwMDAwfX0=",
          "dependencies": [
            "data.openstack_networking_network_v2.ext-net",
            "openstack_identity_project_v3.engineering-domain",
            "openstack_identity_project_v3.production-project",
            "openstack_networking_network_v2.frontend-network",
            "openstack_networking_router_v2.ext-net-router",
            "openstack_networking_subnet_v2.frontend-subnet"
          ]
        }
      ]
    },
    {
      "mode": "managed",
      "type": "openstack_networking_router_interface_v2",
      "name": "internal-router-backend-interface",
      "provider": "provider[\"registry.terraform.io/terraform-provider-openstack/openstack\"]",
      "instances": [
        {
          "schema_version": 0,
          "attributes": {
            "id": "196cab1b-04a1-4d33-b22a-809854968b2a",
            "port_id": "196cab1b-04a1-4d33-b22a-809854968b2a",
            "region": "RegionOne",
            "router_id": "818a612c-d350-4e66-baad-fdaee6e53700",
            "subnet_id": "cd9e3115-5af8-44d1-868c-efd2fab435b6",
            "timeouts": null
          },
          "sensitive_attributes": [],
          "private": "eyJlMmJmYjczMC1lY2FhLTExZTYtOGY4OC0zNDM2M2JjN2M0YzAiOnsiY3JlYXRlIjo2MDAwMDAwMDAwMDAsImRlbGV0ZSI6NjAwMDAwMDAwMDAwfX0=",
          "dependencies": [
            "openstack_identity_project_v3.engineering-domain",
            "openstack_identity_project_v3.production-project",
            "openstack_networking_network_v2.backend-network",
            "openstack_networking_router_v2.internal-router",
            "openstack_networking_subnet_v2.backend-subnet"
          ]
        }
      ]
    },
    {
      "mode": "managed",
      "type": "openstack_networking_router_interface_v2",
      "name": "internal-router-frontend-interface",
      "provider": "provider[\"registry.terraform.io/terraform-provider-openstack/openstack\"]",
      "instances": [
        {
          "schema_version": 0,
          "attributes": {
            "id": "8d46b504-35d6-4243-b0c3-beb2d935705c",
            "port_id": "8d46b504-35d6-4243-b0c3-beb2d935705c",
            "region": "RegionOne",
            "router_id": "818a612c-d350-4e66-baad-fdaee6e53700",
            "subnet_id": "37aab342-9b15-4a20-aae5-9786ebf201c4",
            "timeouts": null
          },
          "sensitive_attributes": [],
          "private": "eyJlMmJmYjczMC1lY2FhLTExZTYtOGY4OC0zNDM2M2JjN2M0YzAiOnsiY3JlYXRlIjo2MDAwMDAwMDAwMDAsImRlbGV0ZSI6NjAwMDAwMDAwMDAwfX0=",
          "dependencies": [
            "openstack_identity_project_v3.engineering-domain",
            "openstack_identity_project_v3.production-project",
            "openstack_networking_network_v2.frontend-network",
            "openstack_networking_port_v2.frontend-port",
            "openstack_networking_router_v2.internal-router",
            "openstack_networking_subnet_v2.frontend-subnet"
          ]
        }
      ]
    },
    {
      "mode": "managed",
      "type": "openstack_networking_router_v2",
      "name": "ext-net-router",
      "provider": "provider[\"registry.terraform.io/terraform-provider-openstack/openstack\"]",
      "instances": [
        {
          "schema_version": 0,
          "attributes": {
            "admin_state_up": true,
            "all_tags": [],
            "availability_zone_hints": [],
            "description": "",
            "distributed": false,
            "enable_snat": true,
            "external_fixed_ip": [
              {
                "ip_address": "172.27.26.189",
                "subnet_id": "5d1f9f3c-9f8e-4594-af6d-1322a2cf0dec"
              }
            ],
            "external_gateway": "fa9ad569-2368-48d0-8fd9-d823592f1c8b",
            "external_network_id": "fa9ad569-2368-48d0-8fd9-d823592f1c8b",
            "external_subnet_ids": null,
            "id": "fd97c1be-0bde-47f1-be88-ca2a905c3b98",
            "name": "External Router",
            "region": "RegionOne",
            "tags": [],
            "tenant_id": "860bf737d3fd41aaa5a610314922288a",
            "timeouts": null,
            "value_specs": null,
            "vendor_options": []
          },
          "sensitive_attributes": [],
          "private": "eyJlMmJmYjczMC1lY2FhLTExZTYtOGY4OC0zNDM2M2JjN2M0YzAiOnsiY3JlYXRlIjo2MDAwMDAwMDAwMDAsImRlbGV0ZSI6NjAwMDAwMDAwMDAwfX0=",
          "dependencies": [
            "data.openstack_networking_network_v2.ext-net",
            "openstack_identity_project_v3.engineering-domain",
            "openstack_identity_project_v3.production-project"
          ]
        }
      ]
    },
    {
      "mode": "managed",
      "type": "openstack_networking_router_v2",
      "name": "internal-router",
      "provider": "provider[\"registry.terraform.io/terraform-provider-openstack/openstack\"]",
      "instances": [
        {
          "schema_version": 0,
          "attributes": {
            "admin_state_up": true,
            "all_tags": [],
            "availability_zone_hints": [],
            "description": "",
            "distributed": false,
            "enable_snat": false,
            "external_fixed_ip": [],
            "external_gateway": "",
            "external_network_id": "",
            "external_subnet_ids": null,
            "id": "818a612c-d350-4e66-baad-fdaee6e53700",
            "name": "Internal Router",
            "region": "RegionOne",
            "tags": [],
            "tenant_id": "860bf737d3fd41aaa5a610314922288a",
            "timeouts": null,
            "value_specs": null,
            "vendor_options": []
          },
          "sensitive_attributes": [],
          "private": "eyJlMmJmYjczMC1lY2FhLTExZTYtOGY4OC0zNDM2M2JjN2M0YzAiOnsiY3JlYXRlIjo2MDAwMDAwMDAwMDAsImRlbGV0ZSI6NjAwMDAwMDAwMDAwfX0=",
          "dependencies": [
            "openstack_identity_project_v3.engineering-domain",
            "openstack_identity_project_v3.production-project"
          ]
        }
      ]
    },
    {
      "mode": "managed",
      "type": "openstack_networking_secgroup_rule_v2",
      "name": "backend-servers-secgroup-rule",
      "provider": "provider[\"registry.terraform.io/terraform-provider-openstack/openstack\"]",
      "instances": [
        {
          "schema_version": 0,
          "attributes": {
            "description": "",
            "direction": "ingress",
            "ethertype": "IPv4",
            "id": "b132dc2b-9fde-42c3-89c3-e89704439621",
            "port_range_max": 0,
            "port_range_min": 0,
            "protocol": "",
            "region": "RegionOne",
            "remote_group_id": "1b31a044-d48a-46ba-9f20-0d98c1a132f9",
            "remote_ip_prefix": "",
            "security_group_id": "c926930d-5a42-4492-b9f5-386e3442df59",
            "tenant_id": "38e51784ee8747a6a664c92e49dd9d47",
            "timeouts": null
          },
          "sensitive_attributes": [],
          "private": "eyJlMmJmYjczMC1lY2FhLTExZTYtOGY4OC0zNDM2M2JjN2M0YzAiOnsiZGVsZXRlIjo2MDAwMDAwMDAwMDB9fQ==",
          "dependencies": [
            "openstack_identity_project_v3.engineering-domain",
            "openstack_identity_project_v3.production-project",
            "openstack_networking_secgroup_v2.backend-servers-secgroup",
            "openstack_networking_secgroup_v2.frontend-servers-secgroup"
          ]
        }
      ]
    },
    {
      "mode": "managed",
      "type": "openstack_networking_secgroup_rule_v2",
      "name": "frontend-servers-secgroup-rule-1",
      "provider": "provider[\"registry.terraform.io/terraform-provider-openstack/openstack\"]",
      "instances": [
        {
          "schema_version": 0,
          "attributes": {
            "description": "",
            "direction": "ingress",
            "ethertype": "IPv4",
            "id": "5dcbaeb6-c0f8-481a-8314-c162e49e3662",
            "port_range_max": 80,
            "port_range_min": 80,
            "protocol": "tcp",
            "region": "RegionOne",
            "remote_group_id": "",
            "remote_ip_prefix": "0.0.0.0/0",
            "security_group_id": "1b31a044-d48a-46ba-9f20-0d98c1a132f9",
            "tenant_id": "38e51784ee8747a6a664c92e49dd9d47",
            "timeouts": null
          },
          "sensitive_attributes": [],
          "private": "eyJlMmJmYjczMC1lY2FhLTExZTYtOGY4OC0zNDM2M2JjN2M0YzAiOnsiZGVsZXRlIjo2MDAwMDAwMDAwMDB9fQ==",
          "dependencies": [
            "openstack_identity_project_v3.engineering-domain",
            "openstack_identity_project_v3.production-project",
            "openstack_networking_secgroup_v2.frontend-servers-secgroup"
          ]
        }
      ]
    },
    {
      "mode": "managed",
      "type": "openstack_networking_secgroup_rule_v2",
      "name": "frontend-servers-secgroup-rule-2",
      "provider": "provider[\"registry.terraform.io/terraform-provider-openstack/openstack\"]",
      "instances": [
        {
          "schema_version": 0,
          "attributes": {
            "description": "",
            "direction": "ingress",
            "ethertype": "IPv4",
            "id": "08b5bdfb-85e1-4215-881a-2ed1a336cb5e",
            "port_range_max": 22,
            "port_range_min": 22,
            "protocol": "tcp",
            "region": "RegionOne",
            "remote_group_id": "0c3a8150-cc77-4e23-8b16-b26afc1a3412",
            "remote_ip_prefix": "",
            "security_group_id": "1b31a044-d48a-46ba-9f20-0d98c1a132f9",
            "tenant_id": "38e51784ee8747a6a664c92e49dd9d47",
            "timeouts": null
          },
          "sensitive_attributes": [],
          "private": "eyJlMmJmYjczMC1lY2FhLTExZTYtOGY4OC0zNDM2M2JjN2M0YzAiOnsiZGVsZXRlIjo2MDAwMDAwMDAwMDB9fQ==",
          "dependencies": [
            "openstack_identity_project_v3.engineering-domain",
            "openstack_identity_project_v3.production-project",
            "openstack_networking_secgroup_v2.frontend-servers-secgroup",
            "openstack_networking_secgroup_v2.jumphost-servers-secgroup"
          ]
        }
      ]
    },
    {
      "mode": "managed",
      "type": "openstack_networking_secgroup_rule_v2",
      "name": "jumphost-servers-secgroup-rule",
      "provider": "provider[\"registry.terraform.io/terraform-provider-openstack/openstack\"]",
      "instances": [
        {
          "schema_version": 0,
          "attributes": {
            "description": "",
            "direction": "ingress",
            "ethertype": "IPv4",
            "id": "a7e1f50b-da0f-435b-b28d-2816803bf3af",
            "port_range_max": 22,
            "port_range_min": 22,
            "protocol": "tcp",
            "region": "RegionOne",
            "remote_group_id": "",
            "remote_ip_prefix": "0.0.0.0/0",
            "security_group_id": "0c3a8150-cc77-4e23-8b16-b26afc1a3412",
            "tenant_id": "38e51784ee8747a6a664c92e49dd9d47",
            "timeouts": null
          },
          "sensitive_attributes": [],
          "private": "eyJlMmJmYjczMC1lY2FhLTExZTYtOGY4OC0zNDM2M2JjN2M0YzAiOnsiZGVsZXRlIjo2MDAwMDAwMDAwMDB9fQ==",
          "dependencies": [
            "openstack_identity_project_v3.engineering-domain",
            "openstack_identity_project_v3.production-project",
            "openstack_networking_secgroup_v2.jumphost-servers-secgroup"
          ]
        }
      ]
    },
    {
      "mode": "managed",
      "type": "openstack_networking_secgroup_v2",
      "name": "backend-servers-secgroup",
      "provider": "provider[\"registry.terraform.io/terraform-provider-openstack/openstack\"]",
      "instances": [
        {
          "schema_version": 0,
          "attributes": {
            "all_tags": [],
            "delete_default_rules": null,
            "description": "Security group allowing traffic to Backend servers",
            "id": "c926930d-5a42-4492-b9f5-386e3442df59",
            "name": "Backend servers",
            "region": "RegionOne",
            "tags": [],
            "tenant_id": "860bf737d3fd41aaa5a610314922288a",
            "timeouts": null
          },
          "sensitive_attributes": [],
          "private": "eyJlMmJmYjczMC1lY2FhLTExZTYtOGY4OC0zNDM2M2JjN2M0YzAiOnsiZGVsZXRlIjo2MDAwMDAwMDAwMDB9fQ==",
          "dependencies": [
            "openstack_identity_project_v3.engineering-domain",
            "openstack_identity_project_v3.production-project"
          ]
        }
      ]
    },
    {
      "mode": "managed",
      "type": "openstack_networking_secgroup_v2",
      "name": "frontend-servers-secgroup",
      "provider": "provider[\"registry.terraform.io/terraform-provider-openstack/openstack\"]",
      "instances": [
        {
          "schema_version": 0,
          "attributes": {
            "all_tags": [],
            "delete_default_rules": null,
            "description": "Security group allowing traffic to Frontend servers",
            "id": "1b31a044-d48a-46ba-9f20-0d98c1a132f9",
            "name": "Frontend servers",
            "region": "RegionOne",
            "tags": [],
            "tenant_id": "860bf737d3fd41aaa5a610314922288a",
            "timeouts": null
          },
          "sensitive_attributes": [],
          "private": "eyJlMmJmYjczMC1lY2FhLTExZTYtOGY4OC0zNDM2M2JjN2M0YzAiOnsiZGVsZXRlIjo2MDAwMDAwMDAwMDB9fQ==",
          "dependencies": [
            "openstack_identity_project_v3.engineering-domain",
            "openstack_identity_project_v3.production-project"
          ]
        }
      ]
    },
    {
      "mode": "managed",
      "type": "openstack_networking_secgroup_v2",
      "name": "jumphost-servers-secgroup",
      "provider": "provider[\"registry.terraform.io/terraform-provider-openstack/openstack\"]",
      "instances": [
        {
          "schema_version": 0,
          "attributes": {
            "all_tags": [],
            "delete_default_rules": null,
            "description": "Security group allowing traffic to Jumphost servers",
            "id": "0c3a8150-cc77-4e23-8b16-b26afc1a3412",
            "name": "Jumphost servers",
            "region": "RegionOne",
            "tags": [],
            "tenant_id": "860bf737d3fd41aaa5a610314922288a",
            "timeouts": null
          },
          "sensitive_attributes": [],
          "private": "eyJlMmJmYjczMC1lY2FhLTExZTYtOGY4OC0zNDM2M2JjN2M0YzAiOnsiZGVsZXRlIjo2MDAwMDAwMDAwMDB9fQ==",
          "dependencies": [
            "openstack_identity_project_v3.engineering-domain",
            "openstack_identity_project_v3.production-project"
          ]
        }
      ]
    },
    {
      "mode": "managed",
      "type": "openstack_networking_subnet_route_v2",
      "name": "frontend-subnet-route",
      "provider": "provider[\"registry.terraform.io/terraform-provider-openstack/openstack\"]",
      "instances": [
        {
          "schema_version": 0,
          "attributes": {
            "destination_cidr": "192.168.20.0/24",
            "id": "37aab342-9b15-4a20-aae5-9786ebf201c4-route-192.168.20.0/24-192.168.10.2",
            "next_hop": "192.168.10.2",
            "region": "RegionOne",
            "subnet_id": "37aab342-9b15-4a20-aae5-9786ebf201c4"
          },
          "sensitive_attributes": [],
          "private": "bnVsbA==",
          "dependencies": [
            "openstack_identity_project_v3.engineering-domain",
            "openstack_identity_project_v3.production-project",
            "openstack_networking_network_v2.frontend-network",
            "openstack_networking_subnet_v2.frontend-subnet"
          ]
        }
      ]
    },
    {
      "mode": "managed",
      "type": "openstack_networking_subnet_v2",
      "name": "backend-subnet",
      "provider": "provider[\"registry.terraform.io/terraform-provider-openstack/openstack\"]",
      "instances": [
        {
          "schema_version": 0,
          "attributes": {
            "all_tags": [],
            "allocation_pool": [
              {
                "end": "192.168.20.254",
                "start": "192.168.20.10"
              }
            ],
            "allocation_pools": [
              {
                "end": "192.168.20.254",
                "start": "192.168.20.10"
              }
            ],
            "cidr": "192.168.20.0/24",
            "description": "",
            "dns_nameservers": [],
            "enable_dhcp": true,
            "gateway_ip": "192.168.20.1",
            "host_routes": [],
            "id": "cd9e3115-5af8-44d1-868c-efd2fab435b6",
            "ip_version": 4,
            "ipv6_address_mode": "",
            "ipv6_ra_mode": "",
            "name": "",
            "network_id": "858268a5-099f-4daa-9e5c-ca90d36f22a5",
            "no_gateway": false,
            "prefix_length": null,
            "region": "RegionOne",
            "service_types": [],
            "subnetpool_id": "",
            "tags": [],
            "tenant_id": "860bf737d3fd41aaa5a610314922288a",
            "timeouts": null,
            "value_specs": null
          },
          "sensitive_attributes": [],
          "private": "eyJlMmJmYjczMC1lY2FhLTExZTYtOGY4OC0zNDM2M2JjN2M0YzAiOnsiY3JlYXRlIjo2MDAwMDAwMDAwMDAsImRlbGV0ZSI6NjAwMDAwMDAwMDAwfX0=",
          "dependencies": [
            "openstack_identity_project_v3.engineering-domain",
            "openstack_identity_project_v3.production-project",
            "openstack_networking_network_v2.backend-network"
          ]
        }
      ]
    },
    {
      "mode": "managed",
      "type": "openstack_networking_subnet_v2",
      "name": "frontend-subnet",
      "provider": "provider[\"registry.terraform.io/terraform-provider-openstack/openstack\"]",
      "instances": [
        {
          "schema_version": 0,
          "attributes": {
            "all_tags": [],
            "allocation_pool": [
              {
                "end": "192.168.10.254",
                "start": "192.168.10.10"
              }
            ],
            "allocation_pools": [
              {
                "end": "192.168.10.254",
                "start": "192.168.10.10"
              }
            ],
            "cidr": "192.168.10.0/24",
            "description": "",
            "dns_nameservers": [],
            "enable_dhcp": true,
            "gateway_ip": "192.168.10.1",
            "host_routes": [],
            "id": "37aab342-9b15-4a20-aae5-9786ebf201c4",
            "ip_version": 4,
            "ipv6_address_mode": "",
            "ipv6_ra_mode": "",
            "name": "",
            "network_id": "d73ff021-fa59-4b71-945a-a7e0197f993b",
            "no_gateway": false,
            "prefix_length": null,
            "region": "RegionOne",
            "service_types": [],
            "subnetpool_id": "",
            "tags": [],
            "tenant_id": "860bf737d3fd41aaa5a610314922288a",
            "timeouts": null,
            "value_specs": null
          },
          "sensitive_attributes": [],
          "private": "eyJlMmJmYjczMC1lY2FhLTExZTYtOGY4OC0zNDM2M2JjN2M0YzAiOnsiY3JlYXRlIjo2MDAwMDAwMDAwMDAsImRlbGV0ZSI6NjAwMDAwMDAwMDAwfX0=",
          "dependencies": [
            "openstack_identity_project_v3.engineering-domain",
            "openstack_identity_project_v3.production-project",
            "openstack_networking_network_v2.frontend-network"
          ]
        }
      ]
    }
  ],
  "check_results": null
}
